// !$*UTF8*$!
{
	archiveVersion = 1;
	classes = {
	};
	objectVersion = 46;
	objects = {

/* Begin PBXBuildFile section */
		B88F96F71F2FCDC80064407C /* AppDelegate.swift in Sources */ = {isa = PBXBuildFile; fileRef = B88F96F61F2FCDC80064407C /* AppDelegate.swift */; };
		B88F96F91F2FCDC80064407C /* ViewController.swift in Sources */ = {isa = PBXBuildFile; fileRef = B88F96F81F2FCDC80064407C /* ViewController.swift */; };
		B88F96FB1F2FCDC80064407C /* Assets.xcassets in Resources */ = {isa = PBXBuildFile; fileRef = B88F96FA1F2FCDC80064407C /* Assets.xcassets */; };
		B88F96FE1F2FCDC80064407C /* Main.storyboard in Resources */ = {isa = PBXBuildFile; fileRef = B88F96FC1F2FCDC80064407C /* Main.storyboard */; };
		B88F97091F2FCDC80064407C /* BigLittleMatcherXcodeProjTests.swift in Sources */ = {isa = PBXBuildFile; fileRef = B88F97081F2FCDC80064407C /* BigLittleMatcherXcodeProjTests.swift */; };
		B88F97141F2FCDC90064407C /* BigLittleMatcherXcodeProjUITests.swift in Sources */ = {isa = PBXBuildFile; fileRef = B88F97131F2FCDC90064407C /* BigLittleMatcherXcodeProjUITests.swift */; };
		B8B3AA1B1F3101800073E7B2 /* Cocoa.framework in Frameworks */ = {isa = PBXBuildFile; fileRef = B8B3AA1A1F3101800073E7B2 /* Cocoa.framework */; };
/* End PBXBuildFile section */

/* Begin PBXContainerItemProxy section */
		B88F97051F2FCDC80064407C /* PBXContainerItemProxy */ = {
			isa = PBXContainerItemProxy;
			containerPortal = B88F96EB1F2FCDC80064407C /* Project object */;
			proxyType = 1;
			remoteGlobalIDString = B88F96F21F2FCDC80064407C;
			remoteInfo = BigLittleMatcherXcodeProj;
		};
		B88F97101F2FCDC90064407C /* PBXContainerItemProxy */ = {
			isa = PBXContainerItemProxy;
			containerPortal = B88F96EB1F2FCDC80064407C /* Project object */;
			proxyType = 1;
			remoteGlobalIDString = B88F96F21F2FCDC80064407C;
			remoteInfo = BigLittleMatcherXcodeProj;
		};
/* End PBXContainerItemProxy section */

/* Begin PBXFileReference section */
		B88F96F31F2FCDC80064407C /* BigLittleMatcherXcodeProj.app */ = {isa = PBXFileReference; explicitFileType = wrapper.application; includeInIndex = 0; path = BigLittleMatcherXcodeProj.app; sourceTree = BUILT_PRODUCTS_DIR; };
		B88F96F61F2FCDC80064407C /* AppDelegate.swift */ = {isa = PBXFileReference; lastKnownFileType = sourcecode.swift; path = AppDelegate.swift; sourceTree = "<group>"; };
		B88F96F81F2FCDC80064407C /* ViewController.swift */ = {isa = PBXFileReference; lastKnownFileType = sourcecode.swift; path = ViewController.swift; sourceTree = "<group>"; };
		B88F96FA1F2FCDC80064407C /* Assets.xcassets */ = {isa = PBXFileReference; lastKnownFileType = folder.assetcatalog; path = Assets.xcassets; sourceTree = "<group>"; };
		B88F96FD1F2FCDC80064407C /* Base */ = {isa = PBXFileReference; lastKnownFileType = file.storyboard; name = Base; path = Base.lproj/Main.storyboard; sourceTree = "<group>"; };
		B88F96FF1F2FCDC80064407C /* Info.plist */ = {isa = PBXFileReference; lastKnownFileType = text.plist.xml; path = Info.plist; sourceTree = "<group>"; };
		B88F97041F2FCDC80064407C /* BigLittleMatcherXcodeProjTests.xctest */ = {isa = PBXFileReference; explicitFileType = wrapper.cfbundle; includeInIndex = 0; path = BigLittleMatcherXcodeProjTests.xctest; sourceTree = BUILT_PRODUCTS_DIR; };
		B88F97081F2FCDC80064407C /* BigLittleMatcherXcodeProjTests.swift */ = {isa = PBXFileReference; lastKnownFileType = sourcecode.swift; path = BigLittleMatcherXcodeProjTests.swift; sourceTree = "<group>"; };
		B88F970A1F2FCDC80064407C /* Info.plist */ = {isa = PBXFileReference; lastKnownFileType = text.plist.xml; path = Info.plist; sourceTree = "<group>"; };
		B88F970F1F2FCDC90064407C /* BigLittleMatcherXcodeProjUITests.xctest */ = {isa = PBXFileReference; explicitFileType = wrapper.cfbundle; includeInIndex = 0; path = BigLittleMatcherXcodeProjUITests.xctest; sourceTree = BUILT_PRODUCTS_DIR; };
		B88F97131F2FCDC90064407C /* BigLittleMatcherXcodeProjUITests.swift */ = {isa = PBXFileReference; lastKnownFileType = sourcecode.swift; path = BigLittleMatcherXcodeProjUITests.swift; sourceTree = "<group>"; };
		B88F97151F2FCDC90064407C /* Info.plist */ = {isa = PBXFileReference; lastKnownFileType = text.plist.xml; path = Info.plist; sourceTree = "<group>"; };
		B8B3AA1A1F3101800073E7B2 /* Cocoa.framework */ = {isa = PBXFileReference; lastKnownFileType = wrapper.framework; name = Cocoa.framework; path = System/Library/Frameworks/Cocoa.framework; sourceTree = SDKROOT; };
/* End PBXFileReference section */

/* Begin PBXFrameworksBuildPhase section */
		B88F96F01F2FCDC80064407C /* Frameworks */ = {
			isa = PBXFrameworksBuildPhase;
			buildActionMask = 2147483647;
			files = (
				B8B3AA1B1F3101800073E7B2 /* Cocoa.framework in Frameworks */,
			);
			runOnlyForDeploymentPostprocessing = 0;
		};
		B88F97011F2FCDC80064407C /* Frameworks */ = {
			isa = PBXFrameworksBuildPhase;
			buildActionMask = 2147483647;
			files = (
			);
			runOnlyForDeploymentPostprocessing = 0;
		};
		B88F970C1F2FCDC90064407C /* Frameworks */ = {
			isa = PBXFrameworksBuildPhase;
			buildActionMask = 2147483647;
			files = (
			);
			runOnlyForDeploymentPostprocessing = 0;
		};
/* End PBXFrameworksBuildPhase section */

/* Begin PBXGroup section */
		B88F96EA1F2FCDC80064407C = {
			isa = PBXGroup;
			children = (
				B88F96F51F2FCDC80064407C /* BigLittleMatcherXcodeProj */,
				B88F97071F2FCDC80064407C /* BigLittleMatcherXcodeProjTests */,
				B88F97121F2FCDC90064407C /* BigLittleMatcherXcodeProjUITests */,
				B88F96F41F2FCDC80064407C /* Products */,
				B8B3AA191F3101800073E7B2 /* Frameworks */,
			);
			sourceTree = "<group>";
		};
		B88F96F41F2FCDC80064407C /* Products */ = {
			isa = PBXGroup;
			children = (
				B88F96F31F2FCDC80064407C /* BigLittleMatcherXcodeProj.app */,
				B88F97041F2FCDC80064407C /* BigLittleMatcherXcodeProjTests.xctest */,
				B88F970F1F2FCDC90064407C /* BigLittleMatcherXcodeProjUITests.xctest */,
			);
			name = Products;
			sourceTree = "<group>";
		};
		B88F96F51F2FCDC80064407C /* BigLittleMatcherXcodeProj */ = {
			isa = PBXGroup;
			children = (
				B88F96F61F2FCDC80064407C /* AppDelegate.swift */,
				B88F96F81F2FCDC80064407C /* ViewController.swift */,
				B88F96FA1F2FCDC80064407C /* Assets.xcassets */,
				B88F96FC1F2FCDC80064407C /* Main.storyboard */,
				B88F96FF1F2FCDC80064407C /* Info.plist */,
			);
			path = BigLittleMatcherXcodeProj;
			sourceTree = "<group>";
		};
		B88F97071F2FCDC80064407C /* BigLittleMatcherXcodeProjTests */ = {
			isa = PBXGroup;
			children = (
				B88F97081F2FCDC80064407C /* BigLittleMatcherXcodeProjTests.swift */,
				B88F970A1F2FCDC80064407C /* Info.plist */,
			);
			path = BigLittleMatcherXcodeProjTests;
			sourceTree = "<group>";
		};
		B88F97121F2FCDC90064407C /* BigLittleMatcherXcodeProjUITests */ = {
			isa = PBXGroup;
			children = (
				B88F97131F2FCDC90064407C /* BigLittleMatcherXcodeProjUITests.swift */,
				B88F97151F2FCDC90064407C /* Info.plist */,
			);
			path = BigLittleMatcherXcodeProjUITests;
			sourceTree = "<group>";
		};
		B8B3AA191F3101800073E7B2 /* Frameworks */ = {
			isa = PBXGroup;
			children = (
				B8B3AA1A1F3101800073E7B2 /* Cocoa.framework */,
			);
			name = Frameworks;
			sourceTree = "<group>";
		};
/* End PBXGroup section */

/* Begin PBXNativeTarget section */
		B88F96F21F2FCDC80064407C /* BigLittleMatcherXcodeProj */ = {
			isa = PBXNativeTarget;
			buildConfigurationList = B88F97181F2FCDC90064407C /* Build configuration list for PBXNativeTarget "BigLittleMatcherXcodeProj" */;
			buildPhases = (
				B88F96EF1F2FCDC80064407C /* Sources */,
				B88F96F01F2FCDC80064407C /* Frameworks */,
				B88F96F11F2FCDC80064407C /* Resources */,
			);
			buildRules = (
			);
			dependencies = (
			);
			name = BigLittleMatcherXcodeProj;
			productName = BigLittleMatcherXcodeProj;
			productReference = B88F96F31F2FCDC80064407C /* BigLittleMatcherXcodeProj.app */;
			productType = "com.apple.product-type.application";
		};
		B88F97031F2FCDC80064407C /* BigLittleMatcherXcodeProjTests */ = {
			isa = PBXNativeTarget;
			buildConfigurationList = B88F971B1F2FCDC90064407C /* Build configuration list for PBXNativeTarget "BigLittleMatcherXcodeProjTests" */;
			buildPhases = (
				B88F97001F2FCDC80064407C /* Sources */,
				B88F97011F2FCDC80064407C /* Frameworks */,
				B88F97021F2FCDC80064407C /* Resources */,
			);
			buildRules = (
			);
			dependencies = (
				B88F97061F2FCDC80064407C /* PBXTargetDependency */,
			);
			name = BigLittleMatcherXcodeProjTests;
			productName = BigLittleMatcherXcodeProjTests;
			productReference = B88F97041F2FCDC80064407C /* BigLittleMatcherXcodeProjTests.xctest */;
			productType = "com.apple.product-type.bundle.unit-test";
		};
		B88F970E1F2FCDC90064407C /* BigLittleMatcherXcodeProjUITests */ = {
			isa = PBXNativeTarget;
			buildConfigurationList = B88F971E1F2FCDC90064407C /* Build configuration list for PBXNativeTarget "BigLittleMatcherXcodeProjUITests" */;
			buildPhases = (
				B88F970B1F2FCDC90064407C /* Sources */,
				B88F970C1F2FCDC90064407C /* Frameworks */,
				B88F970D1F2FCDC90064407C /* Resources */,
			);
			buildRules = (
			);
			dependencies = (
				B88F97111F2FCDC90064407C /* PBXTargetDependency */,
			);
			name = BigLittleMatcherXcodeProjUITests;
			productName = BigLittleMatcherXcodeProjUITests;
			productReference = B88F970F1F2FCDC90064407C /* BigLittleMatcherXcodeProjUITests.xctest */;
			productType = "com.apple.product-type.bundle.ui-testing";
		};
/* End PBXNativeTarget section */

/* Begin PBXProject section */
		B88F96EB1F2FCDC80064407C /* Project object */ = {
			isa = PBXProject;
			attributes = {
				LastSwiftUpdateCheck = 0830;
				LastUpgradeCheck = 0830;
				ORGANIZATIONNAME = "Steven Penava Jr.";
				TargetAttributes = {
					B88F96F21F2FCDC80064407C = {
						CreatedOnToolsVersion = 8.3.3;
						ProvisioningStyle = Automatic;
					};
					B88F97031F2FCDC80064407C = {
						CreatedOnToolsVersion = 8.3.3;
						ProvisioningStyle = Automatic;
						TestTargetID = B88F96F21F2FCDC80064407C;
					};
					B88F970E1F2FCDC90064407C = {
						CreatedOnToolsVersion = 8.3.3;
						ProvisioningStyle = Automatic;
						TestTargetID = B88F96F21F2FCDC80064407C;
					};
				};
			};
			buildConfigurationList = B88F96EE1F2FCDC80064407C /* Build configuration list for PBXProject "BigLittleMatcherXcodeProj" */;
			compatibilityVersion = "Xcode 3.2";
			developmentRegion = English;
			hasScannedForEncodings = 0;
			knownRegions = (
				en,
				Base,
			);
			mainGroup = B88F96EA1F2FCDC80064407C;
			productRefGroup = B88F96F41F2FCDC80064407C /* Products */;
			projectDirPath = "";
			projectRoot = "";
			targets = (
				B88F96F21F2FCDC80064407C /* BigLittleMatcherXcodeProj */,
				B88F97031F2FCDC80064407C /* BigLittleMatcherXcodeProjTests */,
				B88F970E1F2FCDC90064407C /* BigLittleMatcherXcodeProjUITests */,
			);
		};
/* End PBXProject section */

/* Begin PBXResourcesBuildPhase section */
		B88F96F11F2FCDC80064407C /* Resources */ = {
			isa = PBXResourcesBuildPhase;
			buildActionMask = 2147483647;
			files = (
				B88F96FB1F2FCDC80064407C /* Assets.xcassets in Resources */,
				B88F96FE1F2FCDC80064407C /* Main.storyboard in Resources */,
			);
			runOnlyForDeploymentPostprocessing = 0;
		};
		B88F97021F2FCDC80064407C /* Resources */ = {
			isa = PBXResourcesBuildPhase;
			buildActionMask = 2147483647;
			files = (
			);
			runOnlyForDeploymentPostprocessing = 0;
		};
		B88F970D1F2FCDC90064407C /* Resources */ = {
			isa = PBXResourcesBuildPhase;
			buildActionMask = 2147483647;
			files = (
			);
			runOnlyForDeploymentPostprocessing = 0;
		};
/* End PBXResourcesBuildPhase section */

/* Begin PBXSourcesBuildPhase section */
		B88F96EF1F2FCDC80064407C /* Sources */ = {
			isa = PBXSourcesBuildPhase;
			buildActionMask = 2147483647;
			files = (
				B88F96F91F2FCDC80064407C /* ViewController.swift in Sources */,
				B88F96F71F2FCDC80064407C /* AppDelegate.swift in Sources */,
			);
			runOnlyForDeploymentPostprocessing = 0;
		};
		B88F97001F2FCDC80064407C /* Sources */ = {
			isa = PBXSourcesBuildPhase;
			buildActionMask = 2147483647;
			files = (
				B88F97091F2FCDC80064407C /* BigLittleMatcherXcodeProjTests.swift in Sources */,
			);
			runOnlyForDeploymentPostprocessing = 0;
		};
		B88F970B1F2FCDC90064407C /* Sources */ = {
			isa = PBXSourcesBuildPhase;
			buildActionMask = 2147483647;
			files = (
				B88F97141F2FCDC90064407C /* BigLittleMatcherXcodeProjUITests.swift in Sources */,
			);
			runOnlyForDeploymentPostprocessing = 0;
		};
/* End PBXSourcesBuildPhase section */

/* Begin PBXTargetDependency section */
		B88F97061F2FCDC80064407C /* PBXTargetDependency */ = {
			isa = PBXTargetDependency;
			target = B88F96F21F2FCDC80064407C /* BigLittleMatcherXcodeProj */;
			targetProxy = B88F97051F2FCDC80064407C /* PBXContainerItemProxy */;
		};
		B88F97111F2FCDC90064407C /* PBXTargetDependency */ = {
			isa = PBXTargetDependency;
			target = B88F96F21F2FCDC80064407C /* BigLittleMatcherXcodeProj */;
			targetProxy = B88F97101F2FCDC90064407C /* PBXContainerItemProxy */;
		};
/* End PBXTargetDependency section */

/* Begin PBXVariantGroup section */
		B88F96FC1F2FCDC80064407C /* Main.storyboard */ = {
			isa = PBXVariantGroup;
			children = (
				B88F96FD1F2FCDC80064407C /* Base */,
			);
			name = Main.storyboard;
			sourceTree = "<group>";
		};
/* End PBXVariantGroup section */

/* Begin XCBuildConfiguration section */
		B88F97161F2FCDC90064407C /* Debug */ = {
			isa = XCBuildConfiguration;
			buildSettings = {
				ALWAYS_SEARCH_USER_PATHS = NO;
				CLANG_ANALYZER_NONNULL = YES;
				CLANG_ANALYZER_NUMBER_OBJECT_CONVERSION = YES_AGGRESSIVE;
				CLANG_CXX_LANGUAGE_STANDARD = "gnu++0x";
				CLANG_CXX_LIBRARY = "libc++";
				CLANG_ENABLE_MODULES = YES;
				CLANG_ENABLE_OBJC_ARC = YES;
				CLANG_WARN_BOOL_CONVERSION = YES;
				CLANG_WARN_CONSTANT_CONVERSION = YES;
				CLANG_WARN_DIRECT_OBJC_ISA_USAGE = YES_ERROR;
				CLANG_WARN_DOCUMENTATION_COMMENTS = YES;
				CLANG_WARN_EMPTY_BODY = YES;
				CLANG_WARN_ENUM_CONVERSION = YES;
				CLANG_WARN_INFINITE_RECURSION = YES;
				CLANG_WARN_INT_CONVERSION = YES;
				CLANG_WARN_OBJC_ROOT_CLASS = YES_ERROR;
				CLANG_WARN_SUSPICIOUS_MOVE = YES;
				CLANG_WARN_UNREACHABLE_CODE = YES;
				CLANG_WARN__DUPLICATE_METHOD_MATCH = YES;
				CODE_SIGN_IDENTITY = "-";
				COPY_PHASE_STRIP = NO;
				DEBUG_INFORMATION_FORMAT = dwarf;
				ENABLE_STRICT_OBJC_MSGSEND = YES;
				ENABLE_TESTABILITY = YES;
				GCC_C_LANGUAGE_STANDARD = gnu99;
				GCC_DYNAMIC_NO_PIC = NO;
				GCC_NO_COMMON_BLOCKS = YES;
				GCC_OPTIMIZATION_LEVEL = 0;
				GCC_PREPROCESSOR_DEFINITIONS = (
					"DEBUG=1",
					"$(inherited)",
				);
				GCC_WARN_64_TO_32_BIT_CONVERSION = YES;
				GCC_WARN_ABOUT_RETURN_TYPE = YES_ERROR;
				GCC_WARN_UNDECLARED_SELECTOR = YES;
				GCC_WARN_UNINITIALIZED_AUTOS = YES_AGGRESSIVE;
				GCC_WARN_UNUSED_FUNCTION = YES;
				GCC_WARN_UNUSED_VARIABLE = YES;
				MACOSX_DEPLOYMENT_TARGET = 10.12;
				MTL_ENABLE_DEBUG_INFO = YES;
				ONLY_ACTIVE_ARCH = YES;
				SDKROOT = macosx;
				SWIFT_ACTIVE_COMPILATION_CONDITIONS = DEBUG;
				SWIFT_OPTIMIZATION_LEVEL = "-Onone";
			};
			name = Debug;
		};
		B88F97171F2FCDC90064407C /* Release */ = {
			isa = XCBuildConfiguration;
			buildSettings = {
				ALWAYS_SEARCH_USER_PATHS = NO;
				CLANG_ANALYZER_NONNULL = YES;
				CLANG_ANALYZER_NUMBER_OBJECT_CONVERSION = YES_AGGRESSIVE;
				CLANG_CXX_LANGUAGE_STANDARD = "gnu++0x";
				CLANG_CXX_LIBRARY = "libc++";
				CLANG_ENABLE_MODULES = YES;
				CLANG_ENABLE_OBJC_ARC = YES;
				CLANG_WARN_BOOL_CONVERSION = YES;
				CLANG_WARN_CONSTANT_CONVERSION = YES;
				CLANG_WARN_DIRECT_OBJC_ISA_USAGE = YES_ERROR;
				CLANG_WARN_DOCUMENTATION_COMMENTS = YES;
				CLANG_WARN_EMPTY_BODY = YES;
				CLANG_WARN_ENUM_CONVERSION = YES;
				CLANG_WARN_INFINITE_RECURSION = YES;
				CLANG_WARN_INT_CONVERSION = YES;
				CLANG_WARN_OBJC_ROOT_CLASS = YES_ERROR;
				CLANG_WARN_SUSPICIOUS_MOVE = YES;
				CLANG_WARN_UNREACHABLE_CODE = YES;
				CLANG_WARN__DUPLICATE_METHOD_MATCH = YES;
				CODE_SIGN_IDENTITY = "-";
				COPY_PHASE_STRIP = NO;
				DEBUG_INFORMATION_FORMAT = "dwarf-with-dsym";
				ENABLE_NS_ASSERTIONS = NO;
				ENABLE_STRICT_OBJC_MSGSEND = YES;
				GCC_C_LANGUAGE_STANDARD = gnu99;
				GCC_NO_COMMON_BLOCKS = YES;
				GCC_WARN_64_TO_32_BIT_CONVERSION = YES;
				GCC_WARN_ABOUT_RETURN_TYPE = YES_ERROR;
				GCC_WARN_UNDECLARED_SELECTOR = YES;
				GCC_WARN_UNINITIALIZED_AUTOS = YES_AGGRESSIVE;
				GCC_WARN_UNUSED_FUNCTION = YES;
				GCC_WARN_UNUSED_VARIABLE = YES;
				MACOSX_DEPLOYMENT_TARGET = 10.12;
				MTL_ENABLE_DEBUG_INFO = NO;
				SDKROOT = macosx;
				SWIFT_OPTIMIZATION_LEVEL = "-Owholemodule";
			};
			name = Release;
		};
		B88F97191F2FCDC90064407C /* Debug */ = {
			isa = XCBuildConfiguration;
			buildSettings = {
				ASSETCATALOG_COMPILER_APPICON_NAME = AppIcon;
				COMBINE_HIDPI_IMAGES = YES;
				INFOPLIST_FILE = BigLittleMatcherXcodeProj/Info.plist;
				LD_RUNPATH_SEARCH_PATHS = "$(inherited) @executable_path/../Frameworks";
				PRODUCT_BUNDLE_IDENTIFIER = RyanSteven.BigLittleMatcherXcodeProj;
				PRODUCT_NAME = "$(TARGET_NAME)";
				SWIFT_VERSION = 3.0;
			};
			name = Debug;
		};
		B88F971A1F2FCDC90064407C /* Release */ = {
			isa = XCBuildConfiguration;
			buildSettings = {
				ASSETCATALOG_COMPILER_APPICON_NAME = AppIcon;
				COMBINE_HIDPI_IMAGES = YES;
				INFOPLIST_FILE = BigLittleMatcherXcodeProj/Info.plist;
				LD_RUNPATH_SEARCH_PATHS = "$(inherited) @executable_path/../Frameworks";
				PRODUCT_BUNDLE_IDENTIFIER = RyanSteven.BigLittleMatcherXcodeProj;
				PRODUCT_NAME = "$(TARGET_NAME)";
				SWIFT_VERSION = 3.0;
			};
			name = Release;
		};
		B88F971C1F2FCDC90064407C /* Debug */ = {
			isa = XCBuildConfiguration;
			buildSettings = {
				ALWAYS_EMBED_SWIFT_STANDARD_LIBRARIES = YES;
				BUNDLE_LOADER = "$(TEST_HOST)";
				COMBINE_HIDPI_IMAGES = YES;
				INFOPLIST_FILE = BigLittleMatcherXcodeProjTests/Info.plist;
				LD_RUNPATH_SEARCH_PATHS = "$(inherited) @executable_path/../Frameworks @loader_path/../Frameworks";
				PRODUCT_BUNDLE_IDENTIFIER = RyanSteven.BigLittleMatcherXcodeProjTests;
				PRODUCT_NAME = "$(TARGET_NAME)";
				SWIFT_VERSION = 3.0;
				TEST_HOST = "$(BUILT_PRODUCTS_DIR)/BigLittleMatcherXcodeProj.app/Contents/MacOS/BigLittleMatcherXcodeProj";
			};
			name = Debug;
		};
		B88F971D1F2FCDC90064407C /* Release */ = {
			isa = XCBuildConfiguration;
			buildSettings = {
				ALWAYS_EMBED_SWIFT_STANDARD_LIBRARIES = YES;
				BUNDLE_LOADER = "$(TEST_HOST)";
				COMBINE_HIDPI_IMAGES = YES;
				INFOPLIST_FILE = BigLittleMatcherXcodeProjTests/Info.plist;
				LD_RUNPATH_SEARCH_PATHS = "$(inherited) @executable_path/../Frameworks @loader_path/../Frameworks";
				PRODUCT_BUNDLE_IDENTIFIER = RyanSteven.BigLittleMatcherXcodeProjTests;
				PRODUCT_NAME = "$(TARGET_NAME)";
				SWIFT_VERSION = 3.0;
				TEST_HOST = "$(BUILT_PRODUCTS_DIR)/BigLittleMatcherXcodeProj.app/Contents/MacOS/BigLittleMatcherXcodeProj";
			};
			name = Release;
		};
		B88F971F1F2FCDC90064407C /* Debug */ = {
			isa = XCBuildConfiguration;
			buildSettings = {
				ALWAYS_EMBED_SWIFT_STANDARD_LIBRARIES = YES;
				COMBINE_HIDPI_IMAGES = YES;
				INFOPLIST_FILE = BigLittleMatcherXcodeProjUITests/Info.plist;
				LD_RUNPATH_SEARCH_PATHS = "$(inherited) @executable_path/../Frameworks @loader_path/../Frameworks";
				PRODUCT_BUNDLE_IDENTIFIER = RyanSteven.BigLittleMatcherXcodeProjUITests;
				PRODUCT_NAME = "$(TARGET_NAME)";
				SWIFT_VERSION = 3.0;
				TEST_TARGET_NAME = BigLittleMatcherXcodeProj;
			};
			name = Debug;
		};
		B88F97201F2FCDC90064407C /* Release */ = {
			isa = XCBuildConfiguration;
			buildSettings = {
				ALWAYS_EMBED_SWIFT_STANDARD_LIBRARIES = YES;
				COMBINE_HIDPI_IMAGES = YES;
				INFOPLIST_FILE = BigLittleMatcherXcodeProjUITests/Info.plist;
				LD_RUNPATH_SEARCH_PATHS = "$(inherited) @executable_path/../Frameworks @loader_path/../Frameworks";
				PRODUCT_BUNDLE_IDENTIFIER = RyanSteven.BigLittleMatcherXcodeProjUITests;
				PRODUCT_NAME = "$(TARGET_NAME)";
				SWIFT_VERSION = 3.0;
				TEST_TARGET_NAME = BigLittleMatcherXcodeProj;
			};
			name = Release;
		};
/* End XCBuildConfiguration section */

/* Begin XCConfigurationList section */
		B88F96EE1F2FCDC80064407C /* Build configuration list for PBXProject "BigLittleMatcherXcodeProj" */ = {
			isa = XCConfigurationList;
			buildConfigurations = (
				B88F97161F2FCDC90064407C /* Debug */,
				B88F97171F2FCDC90064407C /* Release */,
			);
			defaultConfigurationIsVisible = 0;
			defaultConfigurationName = Release;
		};
		B88F97181F2FCDC90064407C /* Build configuration list for PBXNativeTarget "BigLittleMatcherXcodeProj" */ = {
			isa = XCConfigurationList;
			buildConfigurations = (
				B88F97191F2FCDC90064407C /* Debug */,
				B88F971A1F2FCDC90064407C /* Release */,
			);
			defaultConfigurationIsVisible = 0;
			defaultConfigurationName = Release;
		};
		B88F971B1F2FCDC90064407C /* Build configuration list for PBXNativeTarget "BigLittleMatcherXcodeProjTests" */ = {
			isa = XCConfigurationList;
			buildConfigurations = (
				B88F971C1F2FCDC90064407C /* Debug */,
				B88F971D1F2FCDC90064407C /* Release */,
			);
			defaultConfigurationIsVisible = 0;
			defaultConfigurationName = Release;
		};
		B88F971E1F2FCDC90064407C /* Build configuration list for PBXNativeTarget "BigLittleMatcherXcodeProjUITests" */ = {
			isa = XCConfigurationList;
			buildConfigurations = (
				B88F971F1F2FCDC90064407C /* Debug */,
				B88F97201F2FCDC90064407C /* Release */,
			);
			defaultConfigurationIsVisible = 0;
			defaultConfigurationName = Release;
		};
/* End XCConfigurationList section */
	};
	rootObject = B88F96EB1F2FCDC80064407C /* Project object */;
}
